{
  "name": "portfolio",
  "lockfileVersion": 2,
  "requires": true,
  "packages": {
    "": {
      "dependencies": {
        "mdb": "^0.1.0"
      }
    },
    "node_modules/concat-stream": {
      "version": "0.0.7",
      "resolved": "https://registry.npmjs.org/concat-stream/-/concat-stream-0.0.7.tgz",
      "integrity": "sha512-X6sXwmR2dHaQBt/0HC+KmZzw+CMoEw5R5pgTiSqAGlwx5WARlqQwnFl36xeeRx6xxYfdjhRZbDz7QWCBxVKSdQ==",
      "engines": [
        "node >= 0.8.0"
      ]
    },
    "node_modules/mdb": {
      "version": "0.1.0",
      "resolved": "https://registry.npmjs.org/mdb/-/mdb-0.1.0.tgz",
      "integrity": "sha512-k4vZDg6zPXrNJYNAup9rVgPpUcWWqnlcLjF8HBs1Dn72sny0AfueIhybBeA+qyIAP4vkbvcOX/DCbQjIWdFdww==",
      "engines": [
        "node >= 0.8.0"
      ],
      "dependencies": {
        "concat-stream": "0.0.7"
      }
    }
  },
  "dependencies": {
    "concat-stream": {
      "version": "0.0.7",
      "resolved": "https://registry.npmjs.org/concat-stream/-/concat-stream-0.0.7.tgz",
      "integrity": "sha512-X6sXwmR2dHaQBt/0HC+KmZzw+CMoEw5R5pgTiSqAGlwx5WARlqQwnFl36xeeRx6xxYfdjhRZbDz7QWCBxVKSdQ=="
    },
    "mdb": {
      "version": "0.1.0",
      "resolved": "https://registry.npmjs.org/mdb/-/mdb-0.1.0.tgz",
      "integrity": "sha512-k4vZDg6zPXrNJYNAup9rVgPpUcWWqnlcLjF8HBs1Dn72sny0AfueIhybBeA+qyIAP4vkbvcOX/DCbQjIWdFdww==",
      "requires": {
        "concat-stream": "0.0.7"
      }
    }
  }
}
